# @generated by Move, please check-in and do not edit manually.

[move]
version = 3
manifest_digest = "C145418812D8E92487AE512A890B16BBDA05261BD267C0C8CE1C7AD52545B9AC"
deps_digest = "F8BBB0CCB2491CA29A3DF03D6F92277A4F3574266507ACD77214D37ECA3F3082"
dependencies = [
  { id = "Sui", name = "Sui" },
]

[[move.package]]
id = "MoveStdlib"
source = { git = "https://github.com/MystenLabs/sui.git", rev = "framework/testnet", subdir = "crates/sui-framework/packages/move-stdlib" }

[[move.package]]
id = "Sui"
source = { git = "https://github.com/MystenLabs/sui.git", rev = "framework/testnet", subdir = "crates/sui-framework/packages/sui-framework" }

dependencies = [
  { id = "MoveStdlib", name = "MoveStdlib" },
]

[move.toolchain-version]
compiler-version = "1.62.0"
edition = "2024.beta"
flavor = "sui"

[env]

[env.testnet]
chain-id = "4c78adac"
original-published-id = "0x4bd7c6f05881c8f5a1be721dd8034898a5693f12053c1f541533e8b36ddbf53c"
latest-published-id = "0x4bd7c6f05881c8f5a1be721dd8034898a5693f12053c1f541533e8b36ddbf53c"
published-version = "1"
